
Microsoft Visual Studio Solution File, Format Version 12.00
Project("{FAE04EC0-301F-11D3-BF4B-00C04F79EFBC}") = "GenderFluid.Cli", "GenderFluid.Cli\GenderFluid.Cli.csproj", "{71799337-1562-4881-A270-752C38CABAD9}"
EndProject
Project("{FAE04EC0-301F-11D3-BF4B-00C04F79EFBC}") = "GenderFluid", "GenderFluid\GenderFluid.csproj", "{F281CC4B-EC6E-4AAB-B9CB-64BE2EFE833E}"
EndProject
Global
	GlobalSection(SolutionConfigurationPlatforms) = preSolution
		Debug|Any CPU = Debug|Any CPU
		Release|Any CPU = Release|Any CPU
	EndGlobalSection
	GlobalSection(ProjectConfigurationPlatforms) = postSolution
		{71799337-1562-4881-A270-752C38CABAD9}.Debug|Any CPU.ActiveCfg = Debug|Any CPU
		{71799337-1562-4881-A270-752C38CABAD9}.Debug|Any CPU.Build.0 = Debug|Any CPU
		{71799337-1562-4881-A270-752C38CABAD9}.Release|Any CPU.ActiveCfg = Release|Any CPU
		{71799337-1562-4881-A270-752C38CABAD9}.Release|Any CPU.Build.0 = Release|Any CPU
		{F281CC4B-EC6E-4AAB-B9CB-64BE2EFE833E}.Debug|Any CPU.ActiveCfg = Debug|Any CPU
		{F281CC4B-EC6E-4AAB-B9CB-64BE2EFE833E}.Debug|Any CPU.Build.0 = Debug|Any CPU
		{F281CC4B-EC6E-4AAB-B9CB-64BE2EFE833E}.Release|Any CPU.ActiveCfg = Release|Any CPU
		{F281CC4B-EC6E-4AAB-B9CB-64BE2EFE833E}.Release|Any CPU.Build.0 = Release|Any CPU
	EndGlobalSection
EndGlobal
